
Microsoft Visual Studio Solution File, Format Version 12.00
# Visual Studio Version 17
VisualStudioVersion = 17.14.36401.2 d17.14
MinimumVisualStudioVersion = 10.0.40219.1
Project("{8BC9CEB8-8B4A-11D0-8D11-00A0C91BC942}") = "NameThatMistrian", "NameThatMistrian\NameThatMistrian.vcxproj", "{32acfe27-81bf-4928-ac05-6d5877a41c05}"
EndProject
Global
	GlobalSection(SolutionConfigurationPlatforms) = preSolution
		Debug|x64 = Debug|x64
		Debug|x86 = Debug|x86
		Release|x64 = Release|x64
		Release|x86 = Release|x86
	EndGlobalSection
	GlobalSection(ProjectConfigurationPlatforms) = postSolution
		{32acfe27-81bf-4928-ac05-6d5877a41c05}.Debug|x64.ActiveCfg = Debug|x64
		{32acfe27-81bf-4928-ac05-6d5877a41c05}.Debug|x64.Build.0 = Debug|x64
		{32acfe27-81bf-4928-ac05-6d5877a41c05}.Debug|x86.ActiveCfg = Debug|Win32
		{32acfe27-81bf-4928-ac05-6d5877a41c05}.Debug|x86.Build.0 = Debug|Win32
		{32acfe27-81bf-4928-ac05-6d5877a41c05}.Release|x64.ActiveCfg = Release|x64
		{32acfe27-81bf-4928-ac05-6d5877a41c05}.Release|x64.Build.0 = Release|x64
		{32acfe27-81bf-4928-ac05-6d5877a41c05}.Release|x86.ActiveCfg = Release|Win32
		{32acfe27-81bf-4928-ac05-6d5877a41c05}.Release|x86.Build.0 = Release|Win32
	EndGlobalSection
	GlobalSection(SolutionProperties) = preSolution
		HideSolutionNode = FALSE
	EndGlobalSection
	GlobalSection(ExtensibilityGlobals) = postSolution
		SolutionGuid = {a2ef882e-398b-4e1d-87e1-01aa3ff5e193}
	EndGlobalSection
EndGlobal
