
Microsoft Visual Studio Solution File, Format Version 12.00
# Visual Studio Version 17
VisualStudioVersion = 17.14.36414.22 d17.14
MinimumVisualStudioVersion = 10.0.40219.1
Project("{FAE04EC0-301F-11D3-BF4B-00C04F79EFBC}") = "NameThatMistrianSharp", "NameThatMistrianSharp\NameThatMistrianSharp.csproj", "{DCDF5F65-7723-450F-85DB-BBE8258D520B}"
EndProject
Global
	GlobalSection(SolutionConfigurationPlatforms) = preSolution
		Debug|Any CPU = Debug|Any CPU
		Release|Any CPU = Release|Any CPU
	EndGlobalSection
	GlobalSection(ProjectConfigurationPlatforms) = postSolution
		{DCDF5F65-7723-450F-85DB-BBE8258D520B}.Debug|Any CPU.ActiveCfg = Debug|Any CPU
		{DCDF5F65-7723-450F-85DB-BBE8258D520B}.Debug|Any CPU.Build.0 = Debug|Any CPU
		{DCDF5F65-7723-450F-85DB-BBE8258D520B}.Release|Any CPU.ActiveCfg = Release|Any CPU
		{DCDF5F65-7723-450F-85DB-BBE8258D520B}.Release|Any CPU.Build.0 = Release|Any CPU
	EndGlobalSection
	GlobalSection(SolutionProperties) = preSolution
		HideSolutionNode = FALSE
	EndGlobalSection
	GlobalSection(ExtensibilityGlobals) = postSolution
		SolutionGuid = {C04DC3C6-5CF0-4D95-B3AC-1E5E4E0681A0}
	EndGlobalSection
EndGlobal
